
Microsoft Visual Studio Solution File, Format Version 12.00
# Visual Studio Version 16
VisualStudioVersion = 25.0.1700.1
MinimumVisualStudioVersion = 10.0.40219.1
Project("{FAE04EC0-301F-11D3-BF4B-00C04F79EFBC}") = "Task2", "Task2.csproj", "{4DB53EF9-C24A-4076-BE9A-139F7089284D}"
EndProject
Global
	GlobalSection(SolutionConfigurationPlatforms) = preSolution
		Debug|Any CPU = Debug|Any CPU
		Release|Any CPU = Release|Any CPU
	EndGlobalSection
	GlobalSection(ProjectConfigurationPlatforms) = postSolution
		{4DB53EF9-C24A-4076-BE9A-139F7089284D}.Debug|Any CPU.ActiveCfg = Debug|Any CPU
		{4DB53EF9-C24A-4076-BE9A-139F7089284D}.Debug|Any CPU.Build.0 = Debug|Any CPU
		{4DB53EF9-C24A-4076-BE9A-139F7089284D}.Release|Any CPU.ActiveCfg = Release|Any CPU
		{4DB53EF9-C24A-4076-BE9A-139F7089284D}.Release|Any CPU.Build.0 = Release|Any CPU
	EndGlobalSection
	GlobalSection(SolutionProperties) = preSolution
		HideSolutionNode = FALSE
	EndGlobalSection
	GlobalSection(ExtensibilityGlobals) = postSolution
		SolutionGuid = {921C3F08-40EF-46AA-B0B4-3A2ACC6576D0}
	EndGlobalSection
EndGlobal
